
Microsoft Visual Studio Solution File, Format Version 12.00
# Visual Studio 2013
VisualStudioVersion = 12.0.21005.1
MinimumVisualStudioVersion = 10.0.40219.1
Project("{8BC9CEB8-8B4A-11D0-8D11-00A0C91BC942}") = "Ex1_2", "Ex1_2\Ex1_2.vcxproj", "{CF43C9B1-04C3-4E19-AA2F-134BB8F06680}"
EndProject
Project("{8BC9CEB8-8B4A-11D0-8D11-00A0C91BC942}") = "Ex2_2", "Ex2_2\Ex2_2.vcxproj", "{9BA39991-D07F-4EB7-9001-24EB6BA2CA04}"
EndProject
Project("{8BC9CEB8-8B4A-11D0-8D11-00A0C91BC942}") = "Ex2_1", "Ex2_1\Ex2_1.vcxproj", "{150A15C6-26E6-4DF7-88CD-C5106C1A34DF}"
EndProject
Project("{8BC9CEB8-8B4A-11D0-8D11-00A0C91BC942}") = "Ex3_2", "Ex3_2\Ex3_2.vcxproj", "{DB7D202C-C59B-4B4E-A5E8-22B70EE4E0B6}"
EndProject
Project("{8BC9CEB8-8B4A-11D0-8D11-00A0C91BC942}") = "Ex5_5", "Ex5_5\Ex5_5.vcxproj", "{A31FFE2A-EC23-4D43-ACDA-06DDF2A54A34}"
EndProject
Project("{8BC9CEB8-8B4A-11D0-8D11-00A0C91BC942}") = "Ex8_6", "Ex8_6\Ex8_6.vcxproj", "{B134670A-3AFF-4D70-B5A6-740EB0FDB75B}"
EndProject
Project("{8BC9CEB8-8B4A-11D0-8D11-00A0C91BC942}") = "Ex8_7", "Ex8_7\Ex8_7.vcxproj", "{45DD94DF-836A-4446-B809-62E433704C29}"
EndProject
Project("{8BC9CEB8-8B4A-11D0-8D11-00A0C91BC942}") = "Ex12_2", "Ex12_2\Ex12_2.vcxproj", "{550C1CE8-C709-4E43-89B2-2A614DCC885A}"
EndProject
Project("{8BC9CEB8-8B4A-11D0-8D11-00A0C91BC942}") = "Ex11_8", "Ex11_8\Ex11_8.vcxproj", "{3FC3C8B4-7D8D-4FE8-870F-CEF1314F477D}"
EndProject
Project("{8BC9CEB8-8B4A-11D0-8D11-00A0C91BC942}") = "Ex9_6", "Ex9_6\Ex9_6.vcxproj", "{9BF985B1-FADD-481C-AC58-7B9EA21088C9}"
EndProject
Project("{8BC9CEB8-8B4A-11D0-8D11-00A0C91BC942}") = "Sound", "Sound\Sound.vcxproj", "{CA8EC5C7-44FB-45BF-B18B-9619F35C6681}"
EndProject
Global
	GlobalSection(SolutionConfigurationPlatforms) = preSolution
		Debug|Win32 = Debug|Win32
		Release|Win32 = Release|Win32
	EndGlobalSection
	GlobalSection(ProjectConfigurationPlatforms) = postSolution
		{CF43C9B1-04C3-4E19-AA2F-134BB8F06680}.Debug|Win32.ActiveCfg = Debug|Win32
		{CF43C9B1-04C3-4E19-AA2F-134BB8F06680}.Debug|Win32.Build.0 = Debug|Win32
		{CF43C9B1-04C3-4E19-AA2F-134BB8F06680}.Release|Win32.ActiveCfg = Release|Win32
		{CF43C9B1-04C3-4E19-AA2F-134BB8F06680}.Release|Win32.Build.0 = Release|Win32
		{9BA39991-D07F-4EB7-9001-24EB6BA2CA04}.Debug|Win32.ActiveCfg = Debug|Win32
		{9BA39991-D07F-4EB7-9001-24EB6BA2CA04}.Debug|Win32.Build.0 = Debug|Win32
		{9BA39991-D07F-4EB7-9001-24EB6BA2CA04}.Release|Win32.ActiveCfg = Release|Win32
		{9BA39991-D07F-4EB7-9001-24EB6BA2CA04}.Release|Win32.Build.0 = Release|Win32
		{150A15C6-26E6-4DF7-88CD-C5106C1A34DF}.Debug|Win32.ActiveCfg = Debug|Win32
		{150A15C6-26E6-4DF7-88CD-C5106C1A34DF}.Debug|Win32.Build.0 = Debug|Win32
		{150A15C6-26E6-4DF7-88CD-C5106C1A34DF}.Release|Win32.ActiveCfg = Release|Win32
		{150A15C6-26E6-4DF7-88CD-C5106C1A34DF}.Release|Win32.Build.0 = Release|Win32
		{DB7D202C-C59B-4B4E-A5E8-22B70EE4E0B6}.Debug|Win32.ActiveCfg = Debug|Win32
		{DB7D202C-C59B-4B4E-A5E8-22B70EE4E0B6}.Debug|Win32.Build.0 = Debug|Win32
		{DB7D202C-C59B-4B4E-A5E8-22B70EE4E0B6}.Release|Win32.ActiveCfg = Release|Win32
		{DB7D202C-C59B-4B4E-A5E8-22B70EE4E0B6}.Release|Win32.Build.0 = Release|Win32
		{A31FFE2A-EC23-4D43-ACDA-06DDF2A54A34}.Debug|Win32.ActiveCfg = Debug|Win32
		{A31FFE2A-EC23-4D43-ACDA-06DDF2A54A34}.Debug|Win32.Build.0 = Debug|Win32
		{A31FFE2A-EC23-4D43-ACDA-06DDF2A54A34}.Release|Win32.ActiveCfg = Release|Win32
		{A31FFE2A-EC23-4D43-ACDA-06DDF2A54A34}.Release|Win32.Build.0 = Release|Win32
		{B134670A-3AFF-4D70-B5A6-740EB0FDB75B}.Debug|Win32.ActiveCfg = Debug|Win32
		{B134670A-3AFF-4D70-B5A6-740EB0FDB75B}.Debug|Win32.Build.0 = Debug|Win32
		{B134670A-3AFF-4D70-B5A6-740EB0FDB75B}.Release|Win32.ActiveCfg = Release|Win32
		{B134670A-3AFF-4D70-B5A6-740EB0FDB75B}.Release|Win32.Build.0 = Release|Win32
		{45DD94DF-836A-4446-B809-62E433704C29}.Debug|Win32.ActiveCfg = Debug|Win32
		{45DD94DF-836A-4446-B809-62E433704C29}.Debug|Win32.Build.0 = Debug|Win32
		{45DD94DF-836A-4446-B809-62E433704C29}.Release|Win32.ActiveCfg = Release|Win32
		{45DD94DF-836A-4446-B809-62E433704C29}.Release|Win32.Build.0 = Release|Win32
		{550C1CE8-C709-4E43-89B2-2A614DCC885A}.Debug|Win32.ActiveCfg = Debug|Win32
		{550C1CE8-C709-4E43-89B2-2A614DCC885A}.Release|Win32.ActiveCfg = Release|Win32
		{3FC3C8B4-7D8D-4FE8-870F-CEF1314F477D}.Debug|Win32.ActiveCfg = Debug|Win32
		{3FC3C8B4-7D8D-4FE8-870F-CEF1314F477D}.Debug|Win32.Build.0 = Debug|Win32
		{3FC3C8B4-7D8D-4FE8-870F-CEF1314F477D}.Release|Win32.ActiveCfg = Release|Win32
		{3FC3C8B4-7D8D-4FE8-870F-CEF1314F477D}.Release|Win32.Build.0 = Release|Win32
		{9BF985B1-FADD-481C-AC58-7B9EA21088C9}.Debug|Win32.ActiveCfg = Debug|Win32
		{9BF985B1-FADD-481C-AC58-7B9EA21088C9}.Debug|Win32.Build.0 = Debug|Win32
		{9BF985B1-FADD-481C-AC58-7B9EA21088C9}.Release|Win32.ActiveCfg = Release|Win32
		{9BF985B1-FADD-481C-AC58-7B9EA21088C9}.Release|Win32.Build.0 = Release|Win32
		{CA8EC5C7-44FB-45BF-B18B-9619F35C6681}.Debug|Win32.ActiveCfg = Debug|Win32
		{CA8EC5C7-44FB-45BF-B18B-9619F35C6681}.Debug|Win32.Build.0 = Debug|Win32
		{CA8EC5C7-44FB-45BF-B18B-9619F35C6681}.Release|Win32.ActiveCfg = Release|Win32
		{CA8EC5C7-44FB-45BF-B18B-9619F35C6681}.Release|Win32.Build.0 = Release|Win32
	EndGlobalSection
	GlobalSection(SolutionProperties) = preSolution
		HideSolutionNode = FALSE
	EndGlobalSection
EndGlobal
